
Microsoft Visual Studio Solution File, Format Version 12.00
# Visual Studio Version 17
VisualStudioVersion = 17.2.32630.192
MinimumVisualStudioVersion = 10.0.40219.1
Project("{FAE04EC0-301F-11D3-BF4B-00C04F79EFBC}") = "QuartzExample", "QuartzExample\QuartzExample.csproj", "{DE8C91E5-5D72-49BF-B745-2E12D53A0384}"
EndProject
Global
	GlobalSection(SolutionConfigurationPlatforms) = preSolution
		Debug|Any CPU = Debug|Any CPU
		Release|Any CPU = Release|Any CPU
	EndGlobalSection
	GlobalSection(ProjectConfigurationPlatforms) = postSolution
		{DE8C91E5-5D72-49BF-B745-2E12D53A0384}.Debug|Any CPU.ActiveCfg = Debug|Any CPU
		{DE8C91E5-5D72-49BF-B745-2E12D53A0384}.Debug|Any CPU.Build.0 = Debug|Any CPU
		{DE8C91E5-5D72-49BF-B745-2E12D53A0384}.Release|Any CPU.ActiveCfg = Release|Any CPU
		{DE8C91E5-5D72-49BF-B745-2E12D53A0384}.Release|Any CPU.Build.0 = Release|Any CPU
	EndGlobalSection
	GlobalSection(SolutionProperties) = preSolution
		HideSolutionNode = FALSE
	EndGlobalSection
	GlobalSection(ExtensibilityGlobals) = postSolution
		SolutionGuid = {D1F4E6A7-4156-4314-BDA6-24DAC39C6919}
	EndGlobalSection
EndGlobal
